
Microsoft Visual Studio Solution File, Format Version 12.00
# Visual Studio Version 17
VisualStudioVersion = 17.3.32922.545
MinimumVisualStudioVersion = 10.0.40219.1
Project("{FAE04EC0-301F-11D3-BF4B-00C04F79EFBC}") = "Эксперимент", "Эксперимент\Эксперимент.csproj", "{C2658E99-AFF6-4241-820E-399FAF8872D0}"
EndProject
Global
	GlobalSection(SolutionConfigurationPlatforms) = preSolution
		Debug|Any CPU = Debug|Any CPU
		Release|Any CPU = Release|Any CPU
	EndGlobalSection
	GlobalSection(ProjectConfigurationPlatforms) = postSolution
		{C2658E99-AFF6-4241-820E-399FAF8872D0}.Debug|Any CPU.ActiveCfg = Debug|Any CPU
		{C2658E99-AFF6-4241-820E-399FAF8872D0}.Debug|Any CPU.Build.0 = Debug|Any CPU
		{C2658E99-AFF6-4241-820E-399FAF8872D0}.Release|Any CPU.ActiveCfg = Release|Any CPU
		{C2658E99-AFF6-4241-820E-399FAF8872D0}.Release|Any CPU.Build.0 = Release|Any CPU
	EndGlobalSection
	GlobalSection(SolutionProperties) = preSolution
		HideSolutionNode = FALSE
	EndGlobalSection
	GlobalSection(ExtensibilityGlobals) = postSolution
		SolutionGuid = {CCF3E08A-0E9B-4DCC-ADF1-D6BF32B4B597}
	EndGlobalSection
EndGlobal
