
Microsoft Visual Studio Solution File, Format Version 12.00
# Visual Studio Version 17
VisualStudioVersion = 17.3.32922.545
MinimumVisualStudioVersion = 10.0.40219.1
Project("{FAE04EC0-301F-11D3-BF4B-00C04F79EFBC}") = "Snake", "Snake\Snake.csproj", "{F977B016-45DD-4422-9B2E-54E3820E1379}"
EndProject
Global
	GlobalSection(SolutionConfigurationPlatforms) = preSolution
		Debug|Any CPU = Debug|Any CPU
		Release|Any CPU = Release|Any CPU
	EndGlobalSection
	GlobalSection(ProjectConfigurationPlatforms) = postSolution
		{F977B016-45DD-4422-9B2E-54E3820E1379}.Debug|Any CPU.ActiveCfg = Debug|Any CPU
		{F977B016-45DD-4422-9B2E-54E3820E1379}.Debug|Any CPU.Build.0 = Debug|Any CPU
		{F977B016-45DD-4422-9B2E-54E3820E1379}.Release|Any CPU.ActiveCfg = Release|Any CPU
		{F977B016-45DD-4422-9B2E-54E3820E1379}.Release|Any CPU.Build.0 = Release|Any CPU
	EndGlobalSection
	GlobalSection(SolutionProperties) = preSolution
		HideSolutionNode = FALSE
	EndGlobalSection
	GlobalSection(ExtensibilityGlobals) = postSolution
		SolutionGuid = {3E477B89-9742-4641-8848-399DB96CABA9}
	EndGlobalSection
EndGlobal
