
Microsoft Visual Studio Solution File, Format Version 12.00
# Visual Studio Version 17
VisualStudioVersion = 17.3.32922.545
MinimumVisualStudioVersion = 10.0.40219.1
Project("{9A19103F-16F7-4668-BE54-9A1E7A4F7556}") = "preparation_turtle", "preparation_turtle\preparation_turtle.csproj", "{236F0A21-62A4-47E1-BF6A-4BF4B8862D8F}"
EndProject
Project("{9A19103F-16F7-4668-BE54-9A1E7A4F7556}") = "preraration2", "..\preparation_turtle2\preraration2\preraration2\preraration2.csproj", "{CFB1402F-0950-48D9-A648-8642FD8CB268}"
EndProject
Global
	GlobalSection(SolutionConfigurationPlatforms) = preSolution
		Debug|Any CPU = Debug|Any CPU
		Release|Any CPU = Release|Any CPU
	EndGlobalSection
	GlobalSection(ProjectConfigurationPlatforms) = postSolution
		{236F0A21-62A4-47E1-BF6A-4BF4B8862D8F}.Debug|Any CPU.ActiveCfg = Debug|Any CPU
		{236F0A21-62A4-47E1-BF6A-4BF4B8862D8F}.Debug|Any CPU.Build.0 = Debug|Any CPU
		{236F0A21-62A4-47E1-BF6A-4BF4B8862D8F}.Release|Any CPU.ActiveCfg = Release|Any CPU
		{236F0A21-62A4-47E1-BF6A-4BF4B8862D8F}.Release|Any CPU.Build.0 = Release|Any CPU
		{CFB1402F-0950-48D9-A648-8642FD8CB268}.Debug|Any CPU.ActiveCfg = Debug|Any CPU
		{CFB1402F-0950-48D9-A648-8642FD8CB268}.Debug|Any CPU.Build.0 = Debug|Any CPU
		{CFB1402F-0950-48D9-A648-8642FD8CB268}.Release|Any CPU.ActiveCfg = Release|Any CPU
		{CFB1402F-0950-48D9-A648-8642FD8CB268}.Release|Any CPU.Build.0 = Release|Any CPU
	EndGlobalSection
	GlobalSection(SolutionProperties) = preSolution
		HideSolutionNode = FALSE
	EndGlobalSection
	GlobalSection(ExtensibilityGlobals) = postSolution
		SolutionGuid = {6C01BEF3-BC28-42F2-AFBE-F3C862ABD884}
	EndGlobalSection
EndGlobal
